
Microsoft Visual Studio Solution File, Format Version 12.00
# Visual Studio Version 16
VisualStudioVersion = 16.0.28922.388
MinimumVisualStudioVersion = 10.0.40219.1
Project("{FAE04EC0-301F-11D3-BF4B-00C04F79EFBC}") = "pruebaDLL3", "pruebaDLL3\pruebaDLL3.csproj", "{228DE4B3-C8CE-4A57-BFD0-BFE28B44A0D0}"
EndProject
Global
	GlobalSection(SolutionConfigurationPlatforms) = preSolution
		Debug|Any CPU = Debug|Any CPU
		Release|Any CPU = Release|Any CPU
	EndGlobalSection
	GlobalSection(ProjectConfigurationPlatforms) = postSolution
		{228DE4B3-C8CE-4A57-BFD0-BFE28B44A0D0}.Debug|Any CPU.ActiveCfg = Debug|Any CPU
		{228DE4B3-C8CE-4A57-BFD0-BFE28B44A0D0}.Debug|Any CPU.Build.0 = Debug|Any CPU
		{228DE4B3-C8CE-4A57-BFD0-BFE28B44A0D0}.Release|Any CPU.ActiveCfg = Release|Any CPU
		{228DE4B3-C8CE-4A57-BFD0-BFE28B44A0D0}.Release|Any CPU.Build.0 = Release|Any CPU
	EndGlobalSection
	GlobalSection(SolutionProperties) = preSolution
		HideSolutionNode = FALSE
	EndGlobalSection
	GlobalSection(ExtensibilityGlobals) = postSolution
		SolutionGuid = {04821BE6-B5D4-4226-AD08-02850AED674D}
	EndGlobalSection
EndGlobal
