
Microsoft Visual Studio Solution File, Format Version 12.00
# Visual Studio Version 16
VisualStudioVersion = 16.0.28922.388
MinimumVisualStudioVersion = 10.0.40219.1
Project("{FAE04EC0-301F-11D3-BF4B-00C04F79EFBC}") = "pruebaDLL1", "pruebaDLL1\pruebaDLL1.csproj", "{B40CB032-1ADC-49E8-83F1-F0EAB5595133}"
EndProject
Global
	GlobalSection(SolutionConfigurationPlatforms) = preSolution
		Debug|Any CPU = Debug|Any CPU
		Release|Any CPU = Release|Any CPU
	EndGlobalSection
	GlobalSection(ProjectConfigurationPlatforms) = postSolution
		{B40CB032-1ADC-49E8-83F1-F0EAB5595133}.Debug|Any CPU.ActiveCfg = Debug|Any CPU
		{B40CB032-1ADC-49E8-83F1-F0EAB5595133}.Debug|Any CPU.Build.0 = Debug|Any CPU
		{B40CB032-1ADC-49E8-83F1-F0EAB5595133}.Release|Any CPU.ActiveCfg = Release|Any CPU
		{B40CB032-1ADC-49E8-83F1-F0EAB5595133}.Release|Any CPU.Build.0 = Release|Any CPU
	EndGlobalSection
	GlobalSection(SolutionProperties) = preSolution
		HideSolutionNode = FALSE
	EndGlobalSection
	GlobalSection(ExtensibilityGlobals) = postSolution
		SolutionGuid = {E58E5715-2911-40B1-8872-8922C07D02F7}
	EndGlobalSection
EndGlobal
